module.ec2["loginext-ec2-instance"].data.aws_vpc.retrieve: Reading...
module.ec2["loginext-ec2-instance"].module.ec2-instance.data.aws_partition.current: Reading...
module.ec2["loginext-ec2-instance"].module.ec2-instance.data.aws_ssm_parameter.this[0]: Reading...
module.ec2["loginext-ec2-instance"].data.aws_subnets.ec2_subnet: Reading...
module.vpc.module.vpc.aws_vpc.this[0]: Refreshing state... [id=vpc-07e1d4faec14cbb5f]
module.ec2["loginext-ec2-instance"].module.ec2-instance.data.aws_partition.current: Read complete after 1s [id=aws]
module.ec2["loginext-ec2-instance"].module.ec2-instance.data.aws_ssm_parameter.this[0]: Read complete after 1s [id=/aws/service/ami-amazon-linux-latest/amzn2-ami-hvm-x86_64-gp2]
module.ec2["loginext-ec2-instance"].data.aws_subnets.ec2_subnet: Read complete after 1s [id=ap-south-1]
module.ec2["loginext-ec2-instance"].data.aws_vpc.retrieve: Read complete after 2s [id=vpc-07e1d4faec14cbb5f]
module.vpc.module.vpc.aws_internet_gateway.this[0]: Refreshing state... [id=igw-013b1bb1f340e0a51]
module.vpc.module.vpc.aws_subnet.private[0]: Refreshing state... [id=subnet-031b9be90ea400e1b]
module.vpc.module.vpc.aws_subnet.public[0]: Refreshing state... [id=subnet-0eba60d1279219ec0]
module.vpc.module.vpc.aws_route_table.private[0]: Refreshing state... [id=rtb-0cb92f82b9cb65d57]
module.vote_service_sg["loginext-alb-sg"].module.vote_service_sg.aws_security_group.this_name_prefix[0]: Refreshing state... [id=sg-0ee687aaba69ec645]
module.vpc.module.vpc.aws_route_table.public[0]: Refreshing state... [id=rtb-0300eddae8d560796]
module.vote_service_sg["loginext-sg"].module.vote_service_sg.aws_security_group.this_name_prefix[0]: Refreshing state... [id=sg-0e3ae3a6a308fff55]
module.vpc.module.vpc.aws_route_table_association.private[0]: Refreshing state... [id=rtbassoc-0418d31daf94da610]
module.vote_service_sg["loginext-alb-sg"].module.vote_service_sg.aws_security_group_rule.ingress_with_cidr_blocks[1]: Refreshing state... [id=sgrule-160455041]
module.vote_service_sg["loginext-sg"].module.vote_service_sg.aws_security_group_rule.egress_rules[0]: Refreshing state... [id=sgrule-2817866220]
module.vote_service_sg["loginext-sg"].module.vote_service_sg.aws_security_group_rule.ingress_with_cidr_blocks[2]: Refreshing state... [id=sgrule-2837213328]
module.vote_service_sg["loginext-sg"].module.vote_service_sg.aws_security_group_rule.ingress_with_cidr_blocks[0]: Refreshing state... [id=sgrule-529935653]
module.vote_service_sg["loginext-alb-sg"].module.vote_service_sg.aws_security_group_rule.ingress_with_cidr_blocks[0]: Refreshing state... [id=sgrule-1189847158]
module.vote_service_sg["loginext-sg"].module.vote_service_sg.aws_security_group_rule.ingress_with_cidr_blocks[1]: Refreshing state... [id=sgrule-185594358]
module.vote_service_sg["loginext-alb-sg"].module.vote_service_sg.aws_security_group_rule.egress_rules[0]: Refreshing state... [id=sgrule-3161571144]
module.vpc.module.vpc.aws_route_table_association.public[0]: Refreshing state... [id=rtbassoc-00bdde3383e7fcd10]
module.vpc.module.vpc.aws_route.public_internet_gateway[0]: Refreshing state... [id=r-rtb-0300eddae8d5607961080289494]

Terraform used the selected providers to generate the following execution
plan. Resource actions are indicated with the following symbols:
  + create

Terraform will perform the following actions:

  # module.ec2["loginext-ec2-instance"].aws_iam_instance_profile.test_profile[0] will be created
  + resource "aws_iam_instance_profile" "test_profile" {
      + arn         = (known after apply)
      + create_date = (known after apply)
      + id          = (known after apply)
      + name        = "loginext-ec2-instance"
      + name_prefix = (known after apply)
      + path        = "/"
      + role        = "loginext_infra_role"
      + tags_all    = (known after apply)
      + unique_id   = (known after apply)
    }

  # module.ec2["loginext-ec2-instance"].random_integer.priority will be created
  + resource "random_integer" "priority" {
      + id      = (known after apply)
      + keepers = {
          + "listener" = "vpc-07e1d4faec14cbb5f"
        }
      + max     = -1
      + min     = 0
      + result  = (known after apply)
    }

  # module.ec2["loginext-ec2-instance"].module.ec2-instance.aws_instance.this[0] will be created
  + resource "aws_instance" "this" {
      + ami                                  = (sensitive value)
      + arn                                  = (known after apply)
      + associate_public_ip_address          = false
      + availability_zone                    = (known after apply)
      + cpu_core_count                       = (known after apply)
      + cpu_threads_per_core                 = (known after apply)
      + disable_api_stop                     = (known after apply)
      + disable_api_termination              = false
      + ebs_optimized                        = (known after apply)
      + enable_primary_ipv6                  = (known after apply)
      + get_password_data                    = false
      + host_id                              = (known after apply)
      + host_resource_group_arn              = (known after apply)
      + iam_instance_profile                 = (known after apply)
      + id                                   = (known after apply)
      + instance_initiated_shutdown_behavior = (known after apply)
      + instance_lifecycle                   = (known after apply)
      + instance_state                       = (known after apply)
      + instance_type                        = "t3.micro"
      + ipv6_address_count                   = (known after apply)
      + ipv6_addresses                       = (known after apply)
      + key_name                             = (known after apply)
      + monitoring                           = false
      + outpost_arn                          = (known after apply)
      + password_data                        = (known after apply)
      + placement_group                      = (known after apply)
      + placement_partition_number           = (known after apply)
      + primary_network_interface_id         = (known after apply)
      + private_dns                          = (known after apply)
      + private_ip                           = (known after apply)
      + public_dns                           = (known after apply)
      + public_ip                            = (known after apply)
      + secondary_private_ips                = (known after apply)
      + security_groups                      = (known after apply)
      + source_dest_check                    = true
      + spot_instance_request_id             = (known after apply)
      + subnet_id                            = (known after apply)
      + tags                                 = {
          + "Name" = "loginext-ec2-instance"
          + "Type" = "t3.micro"
          + "VPC"  = "vpc-07e1d4faec14cbb5f"
        }
      + tags_all                             = {
          + "Name" = "loginext-ec2-instance"
          + "Type" = "t3.micro"
          + "VPC"  = "vpc-07e1d4faec14cbb5f"
        }
      + tenancy                              = (known after apply)
      + user_data                            = "4fbfee588be48399849768bac203a489fb0abf75"
      + user_data_base64                     = (known after apply)
      + user_data_replace_on_change          = false
      + vpc_security_group_ids               = [
          + "sg-0e3ae3a6a308fff55",
        ]

      + cpu_options {
          + amd_sev_snp      = (known after apply)
          + core_count       = (known after apply)
          + threads_per_core = (known after apply)
        }

      + credit_specification {}

      + enclave_options {
          + enabled = (known after apply)
        }

      + metadata_options {
          + http_endpoint               = "enabled"
          + http_protocol_ipv6          = "disabled"
          + http_put_response_hop_limit = 1
          + http_tokens                 = "required"
          + instance_metadata_tags      = (known after apply)
        }

      + root_block_device {
          + delete_on_termination = true
          + device_name           = (known after apply)
          + encrypted             = true
          + iops                  = (known after apply)
          + kms_key_id            = (known after apply)
          + tags                  = {
              + "Name" = "loginext-ec2-instance"
            }
          + tags_all              = (known after apply)
          + throughput            = (known after apply)
          + volume_id             = (known after apply)
          + volume_size           = 50
          + volume_type           = "gp3"
        }

      + timeouts {}
    }

Plan: 3 to add, 0 to change, 0 to destroy.

─────────────────────────────────────────────────────────────────────────────

Note: You didn't use the -out option to save this plan, so Terraform can't
guarantee to take exactly these actions if you run "terraform apply" now.
